
Microsoft Visual Studio Solution File, Format Version 12.00
# Visual Studio Version 16
VisualStudioVersion = 16.0.28922.388
MinimumVisualStudioVersion = 10.0.40219.1
Project("{FAE04EC0-301F-11D3-BF4B-00C04F79EFBC}") = "PuzzleGame", "PuzzleGame\PuzzleGame.csproj", "{A59E9723-43E9-41B7-BD79-7E33CB006A86}"
EndProject
Global
	GlobalSection(SolutionConfigurationPlatforms) = preSolution
		Debug|Any CPU = Debug|Any CPU
		Release|Any CPU = Release|Any CPU
	EndGlobalSection
	GlobalSection(ProjectConfigurationPlatforms) = postSolution
		{A59E9723-43E9-41B7-BD79-7E33CB006A86}.Debug|Any CPU.ActiveCfg = Debug|Any CPU
		{A59E9723-43E9-41B7-BD79-7E33CB006A86}.Debug|Any CPU.Build.0 = Debug|Any CPU
		{A59E9723-43E9-41B7-BD79-7E33CB006A86}.Release|Any CPU.ActiveCfg = Release|Any CPU
		{A59E9723-43E9-41B7-BD79-7E33CB006A86}.Release|Any CPU.Build.0 = Release|Any CPU
	EndGlobalSection
	GlobalSection(SolutionProperties) = preSolution
		HideSolutionNode = FALSE
	EndGlobalSection
	GlobalSection(ExtensibilityGlobals) = postSolution
		SolutionGuid = {68AB9096-F34C-4143-AC19-52E60945004B}
	EndGlobalSection
EndGlobal
